
Microsoft Visual Studio Solution File, Format Version 12.00
# Visual Studio Version 17
VisualStudioVersion = 17.11.35312.102
MinimumVisualStudioVersion = 10.0.40219.1
Project("{FAE04EC0-301F-11D3-BF4B-00C04F79EFBC}") = "Uniqlol", "Uniqlol\Uniqlol.csproj", "{C88E047E-DDC5-49AD-872C-52300CAB1761}"
EndProject
Global
	GlobalSection(SolutionConfigurationPlatforms) = preSolution
		Debug|Any CPU = Debug|Any CPU
		Release|Any CPU = Release|Any CPU
	EndGlobalSection
	GlobalSection(ProjectConfigurationPlatforms) = postSolution
		{C88E047E-DDC5-49AD-872C-52300CAB1761}.Debug|Any CPU.ActiveCfg = Debug|Any CPU
		{C88E047E-DDC5-49AD-872C-52300CAB1761}.Debug|Any CPU.Build.0 = Debug|Any CPU
		{C88E047E-DDC5-49AD-872C-52300CAB1761}.Release|Any CPU.ActiveCfg = Release|Any CPU
		{C88E047E-DDC5-49AD-872C-52300CAB1761}.Release|Any CPU.Build.0 = Release|Any CPU
	EndGlobalSection
	GlobalSection(SolutionProperties) = preSolution
		HideSolutionNode = FALSE
	EndGlobalSection
	GlobalSection(ExtensibilityGlobals) = postSolution
		SolutionGuid = {E5FC66F7-9800-4424-A9FB-4325454BFE96}
	EndGlobalSection
EndGlobal
